{
  "lockfile_version": "1",
  "packages": {
    "poetry@latest": {
      "last_modified": "2024-03-27T09:47:59Z",
      "plugin_version": "0.0.4",
      "resolved": "github:NixOS/nixpkgs/2230a20f2b5a14f2db3d7f13a2dc3c22517e790b#poetry",
      "source": "devbox-search",
      "version": "1.8.2",
      "systems": {
        "aarch64-darwin": {
          "outputs": [
            {
              "name": "out",
              "path": "/nix/store/sxm956wyswz684jd0pjw90smkzx8bkp0-python3.11-poetry-1.8.2",
              "default": true
            },
            {
              "name": "dist",
              "path": "/nix/store/c891wqgimy3k6sd2b1k6adj9mff99268-python3.11-poetry-1.8.2-dist"
            }
          ],
          "store_path": "/nix/store/sxm956wyswz684jd0pjw90smkzx8bkp0-python3.11-poetry-1.8.2"
        },
        "aarch64-linux": {
          "outputs": [
            {
              "name": "out",
              "path": "/nix/store/v96slz1l77q5d9in5kxsps9l4aj80zsk-python3.11-poetry-1.8.2",
              "default": true
            },
            {
              "name": "dist",
              "path": "/nix/store/501568g46hiwwj6fxxir0aflw5q44y0i-python3.11-poetry-1.8.2-dist"
            }
          ],
          "store_path": "/nix/store/v96slz1l77q5d9in5kxsps9l4aj80zsk-python3.11-poetry-1.8.2"
        },
        "x86_64-darwin": {
          "outputs": [
            {
              "name": "out",
              "path": "/nix/store/y9026al6rl8mgc3w36g1rqv7m1zh0abh-python3.11-poetry-1.8.2",
              "default": true
            },
            {
              "name": "dist",
              "path": "/nix/store/dw22ks7n1k8phh8rk17f6awhz78qxf3l-python3.11-poetry-1.8.2-dist"
            }
          ],
          "store_path": "/nix/store/y9026al6rl8mgc3w36g1rqv7m1zh0abh-python3.11-poetry-1.8.2"
        },
        "x86_64-linux": {
          "outputs": [
            {
              "name": "out",
              "path": "/nix/store/sn04pbb9nlaiwr65wiggivwwc9mm8srl-python3.11-poetry-1.8.2",
              "default": true
            },
            {
              "name": "dist",
              "path": "/nix/store/v5wl3vxidklnz46s8rqniwq9ha1irrsp-python3.11-poetry-1.8.2-dist"
            }
          ],
          "store_path": "/nix/store/sn04pbb9nlaiwr65wiggivwwc9mm8srl-python3.11-poetry-1.8.2"
        }
      }
    },
    "pre-commit@latest": {
      "last_modified": "2024-03-22T11:26:23Z",
      "resolved": "github:NixOS/nixpkgs/a3ed7406349a9335cb4c2a71369b697cecd9d351#pre-commit",
      "source": "devbox-search",
      "version": "3.6.2",
      "systems": {
        "aarch64-darwin": {
          "outputs": [
            {
              "name": "out",
              "path": "/nix/store/6wl4vr3gjkjqmmfdraliiy12ji0i9kr1-pre-commit-3.6.2",
              "default": true
            },
            {
              "name": "dist",
              "path": "/nix/store/f1wq1h2xaxswjh2pflrkx1kxid23lrb2-pre-commit-3.6.2-dist"
            }
          ],
          "store_path": "/nix/store/6wl4vr3gjkjqmmfdraliiy12ji0i9kr1-pre-commit-3.6.2"
        },
        "aarch64-linux": {
          "outputs": [
            {
              "name": "out",
              "path": "/nix/store/nx7rp9yi4nyyqlr12cgi3awrxx30bbbl-pre-commit-3.6.2",
              "default": true
            },
            {
              "name": "dist",
              "path": "/nix/store/3ca413zlf3mvs7amxsn9pkravxn4gsqv-pre-commit-3.6.2-dist"
            }
          ],
          "store_path": "/nix/store/nx7rp9yi4nyyqlr12cgi3awrxx30bbbl-pre-commit-3.6.2"
        },
        "x86_64-darwin": {
          "outputs": [
            {
              "name": "out",
              "path": "/nix/store/fv6fq7brr23d74igw1zs375gv5bznlyf-pre-commit-3.6.2",
              "default": true
            },
            {
              "name": "dist",
              "path": "/nix/store/6ak59jmmyaapd1x1xrcm8mvc81r4r5rl-pre-commit-3.6.2-dist"
            }
          ],
          "store_path": "/nix/store/fv6fq7brr23d74igw1zs375gv5bznlyf-pre-commit-3.6.2"
        },
        "x86_64-linux": {
          "outputs": [
            {
              "name": "out",
              "path": "/nix/store/4b3pm5rzbrr4ia0hhqag47d1r6qc2qyl-pre-commit-3.6.2",
              "default": true
            },
            {
              "name": "dist",
              "path": "/nix/store/9s8jf0fnli69jq28hsjwaqslzap5xr6p-pre-commit-3.6.2-dist"
            }
          ],
          "store_path": "/nix/store/4b3pm5rzbrr4ia0hhqag47d1r6qc2qyl-pre-commit-3.6.2"
        }
      }
    },
    "python@3.12": {
      "last_modified": "2024-03-22T11:26:23Z",
      "plugin_version": "0.0.3",
      "resolved": "github:NixOS/nixpkgs/a3ed7406349a9335cb4c2a71369b697cecd9d351#python312",
      "source": "devbox-search",
      "version": "3.12.2",
      "systems": {
        "aarch64-darwin": {
          "outputs": [
            {
              "name": "out",
              "path": "/nix/store/jc5jlynlx561ibqxd6sy12hcqc8p39c9-python3-3.12.2",
              "default": true
            }
          ],
          "store_path": "/nix/store/jc5jlynlx561ibqxd6sy12hcqc8p39c9-python3-3.12.2"
        },
        "aarch64-linux": {
          "outputs": [
            {
              "name": "out",
              "path": "/nix/store/n5yvl08kxz5llrdiwwxfxyy6wiq2g6lc-python3-3.12.2",
              "default": true
            },
            {
              "name": "debug",
              "path": "/nix/store/bihg62nz0vqqski18cpyppwgqz62blrq-python3-3.12.2-debug"
            }
          ],
          "store_path": "/nix/store/n5yvl08kxz5llrdiwwxfxyy6wiq2g6lc-python3-3.12.2"
        },
        "x86_64-darwin": {
          "outputs": [
            {
              "name": "out",
              "path": "/nix/store/41yqb3sxsx22drhza74icn4x1gfh3h8m-python3-3.12.2",
              "default": true
            }
          ],
          "store_path": "/nix/store/41yqb3sxsx22drhza74icn4x1gfh3h8m-python3-3.12.2"
        },
        "x86_64-linux": {
          "outputs": [
            {
              "name": "out",
              "path": "/nix/store/7yh2ax34jd7fgf17mjfd3c6niw1h2hsj-python3-3.12.2",
              "default": true
            },
            {
              "name": "debug",
              "path": "/nix/store/mq8jh0sl1lcpk592whzw96n52grhq8wl-python3-3.12.2-debug"
            }
          ],
          "store_path": "/nix/store/7yh2ax34jd7fgf17mjfd3c6niw1h2hsj-python3-3.12.2"
        }
      }
    }
  }
}
